
Microsoft Visual Studio Solution File, Format Version 12.00
# Visual Studio Version 17
VisualStudioVersion = 17.13.35828.75 d17.13
MinimumVisualStudioVersion = 10.0.40219.1
Project("{FAE04EC0-301F-11D3-BF4B-00C04F79EFBC}") = "sowynskycalorie", "sowynskycalorie\sowynskycalorie.csproj", "{8AE6F29C-2A32-42CB-AFB8-6AD9736FA3DE}"
EndProject
Global
	GlobalSection(SolutionConfigurationPlatforms) = preSolution
		Debug|Any CPU = Debug|Any CPU
		Release|Any CPU = Release|Any CPU
	EndGlobalSection
	GlobalSection(ProjectConfigurationPlatforms) = postSolution
		{8AE6F29C-2A32-42CB-AFB8-6AD9736FA3DE}.Debug|Any CPU.ActiveCfg = Debug|Any CPU
		{8AE6F29C-2A32-42CB-AFB8-6AD9736FA3DE}.Debug|Any CPU.Build.0 = Debug|Any CPU
		{8AE6F29C-2A32-42CB-AFB8-6AD9736FA3DE}.Release|Any CPU.ActiveCfg = Release|Any CPU
		{8AE6F29C-2A32-42CB-AFB8-6AD9736FA3DE}.Release|Any CPU.Build.0 = Release|Any CPU
	EndGlobalSection
	GlobalSection(SolutionProperties) = preSolution
		HideSolutionNode = FALSE
	EndGlobalSection
	GlobalSection(ExtensibilityGlobals) = postSolution
		SolutionGuid = {FCB6D32A-A124-4807-AD76-4CBC225E61DE}
	EndGlobalSection
EndGlobal
